{
  "schema_version": 1,
  "compatibility": {
    "current_line": "0.23.0",
    "policy": "follow-development-branches-and-pin-reviewed-commits"
  },
  "sources": {
    "motor": {
      "path": "sources/motor",
      "url": "https://gitcode.com/Ascend/MindIE-Motor.git",
      "branch": "master",
      "commit": "UNRESOLVED"
    },
    "vllm": {
      "path": "sources/vllm",
      "url": "https://github.com/vllm-project/vllm.git",
      "branch": "main",
      "commit": "UNRESOLVED"
    },
    "vllm_ascend": {
      "path": "sources/vllm-ascend",
      "url": "https://github.com/vllm-project/vllm-ascend.git",
      "branch": "main",
      "commit": "UNRESOLVED"
    }
  },
  "runtime": {
    "hardware_profile": "a2-dev",
    "mount_root": "/mnt",
    "base_image_ref": "UNRESOLVED"
  },
  "patches": []
}
